
Microsoft Visual Studio Solution File, Format Version 12.00
# Visual Studio Version 17
VisualStudioVersion = 17.4.33213.308
MinimumVisualStudioVersion = 10.0.40219.1
Project("{FAE04EC0-301F-11D3-BF4B-00C04F79EFBC}") = "HomeWork_43", "HomeWork_43\HomeWork_43.csproj", "{26502323-BBDE-4C9F-94D6-356FD53364CD}"
EndProject
Global
	GlobalSection(SolutionConfigurationPlatforms) = preSolution
		Debug|Any CPU = Debug|Any CPU
		Release|Any CPU = Release|Any CPU
	EndGlobalSection
	GlobalSection(ProjectConfigurationPlatforms) = postSolution
		{26502323-BBDE-4C9F-94D6-356FD53364CD}.Debug|Any CPU.ActiveCfg = Debug|Any CPU
		{26502323-BBDE-4C9F-94D6-356FD53364CD}.Debug|Any CPU.Build.0 = Debug|Any CPU
		{26502323-BBDE-4C9F-94D6-356FD53364CD}.Release|Any CPU.ActiveCfg = Release|Any CPU
		{26502323-BBDE-4C9F-94D6-356FD53364CD}.Release|Any CPU.Build.0 = Release|Any CPU
	EndGlobalSection
	GlobalSection(SolutionProperties) = preSolution
		HideSolutionNode = FALSE
	EndGlobalSection
	GlobalSection(ExtensibilityGlobals) = postSolution
		SolutionGuid = {67F713A5-271D-4539-9878-8C832076F0FD}
	EndGlobalSection
EndGlobal
